
Microsoft Visual Studio Solution File, Format Version 12.00
# Visual Studio Version 17
VisualStudioVersion = 17.7.34302.85
MinimumVisualStudioVersion = 10.0.40219.1
Project("{8BC9CEB8-8B4A-11D0-8D11-00A0C91BC942}") = "OO1", "..\OO1\OO1.vcxproj", "{07F21C93-45C6-49F2-91FE-72534AEF0500}"
EndProject
Project("{8BC9CEB8-8B4A-11D0-8D11-00A0C91BC942}") = "EX1", "EX1\EX1.vcxproj", "{CB9128CB-42DB-44F0-9A4A-3485FF6DC0CE}"
EndProject
Project("{8BC9CEB8-8B4A-11D0-8D11-00A0C91BC942}") = "Vect2", "..\Vect2\Vect2.vcxproj", "{7785E9EB-B353-4064-B4D6-10CA84F7F21D}"
EndProject
Project("{8BC9CEB8-8B4A-11D0-8D11-00A0C91BC942}") = "Operator[]", "..\Operator[]\Operator[].vcxproj", "{E49B2B00-196B-48BD-809F-EFD9B10456C5}"
EndProject
Project("{8BC9CEB8-8B4A-11D0-8D11-00A0C91BC942}") = "exp", "exp\exp.vcxproj", "{9654E9BA-2898-4319-8855-5CFAE97D090F}"
EndProject
Project("{8BC9CEB8-8B4A-11D0-8D11-00A0C91BC942}") = "Linked", "Linked\Linked.vcxproj", "{202D916E-DB6B-4E11-A401-097AB694E446}"
EndProject
Project("{8BC9CEB8-8B4A-11D0-8D11-00A0C91BC942}") = "Pointers", "Pointers\Pointers.vcxproj", "{8637E3F9-9309-4D41-A7CC-FF68A22E9D2C}"
EndProject
Project("{8BC9CEB8-8B4A-11D0-8D11-00A0C91BC942}") = "Inheritance", "Inheriance\Inheriance.vcxproj", "{2F40DEB2-5F86-4F43-9CC9-AD39FACAC05B}"
EndProject
Project("{8BC9CEB8-8B4A-11D0-8D11-00A0C91BC942}") = "Multiple", "Multiple\Multiple.vcxproj", "{B5AEF620-AE92-4885-92F5-E9A25986D6CF}"
EndProject
Project("{8BC9CEB8-8B4A-11D0-8D11-00A0C91BC942}") = "OO+Lib", "OO+Lib\OO+Lib.vcxproj", "{5E5CE78F-3E1E-46C1-ADE8-365E0A6478B2}"
EndProject
Project("{8BC9CEB8-8B4A-11D0-8D11-00A0C91BC942}") = "testOO", "testOO\testOO.vcxproj", "{8974AC13-012B-403B-918A-0F1CC1101652}"
EndProject
Project("{8BC9CEB8-8B4A-11D0-8D11-00A0C91BC942}") = "expFuncs", "expFuncs\expFuncs.vcxproj", "{86F990C6-7016-4965-93E7-1497A68979C6}"
EndProject
Project("{8BC9CEB8-8B4A-11D0-8D11-00A0C91BC942}") = "TestExp", "TestExp\TestExp.vcxproj", "{5BD95761-4807-430A-AF60-C5CB2D685439}"
EndProject
Project("{8BC9CEB8-8B4A-11D0-8D11-00A0C91BC942}") = "expFuncs1", "expFuncs1\expFuncs1.vcxproj", "{3ADD71F6-AD77-49E9-A0F3-BFD30AFEBF6C}"
EndProject
Project("{8BC9CEB8-8B4A-11D0-8D11-00A0C91BC942}") = "countpp1", "countpp1\countpp1.vcxproj", "{D2CECB32-876B-4CEA-8E53-290DE436A8BC}"
EndProject
Project("{8BC9CEB8-8B4A-11D0-8D11-00A0C91BC942}") = "countpp2", "countpp2\countpp2.vcxproj", "{B596BAEC-FDBF-4D41-B8B8-51983814CC51}"
EndProject
Project("{8BC9CEB8-8B4A-11D0-8D11-00A0C91BC942}") = "postfix", "postfix\postfix.vcxproj", "{B2A7AC73-B92F-4BCB-9CA0-33173007A7B0}"
EndProject
Project("{8BC9CEB8-8B4A-11D0-8D11-00A0C91BC942}") = "engles", "engles\engles.vcxproj", "{B95B655C-B388-498D-829B-A328EF1CDBB6}"
EndProject
Project("{8BC9CEB8-8B4A-11D0-8D11-00A0C91BC942}") = "englpleq", "englpleq\englpleq.vcxproj", "{C4CB5B2D-15D2-42CB-96AD-8F5628FCC382}"
EndProject
Project("{8BC9CEB8-8B4A-11D0-8D11-00A0C91BC942}") = "Both", "Both\Both.vcxproj", "{BAFBBB9D-3153-4FD4-A3CF-1F64F6A1F239}"
EndProject
Project("{8BC9CEB8-8B4A-11D0-8D11-00A0C91BC942}") = "Operator[]ref", "Operator[]ref\Operator[]ref.vcxproj", "{3E106C89-A72E-4BCE-A1BC-48A2C7B4B6A6}"
EndProject
Project("{8BC9CEB8-8B4A-11D0-8D11-00A0C91BC942}") = "ImpTypeConv", "ImpTypeConv\ImpTypeConv.vcxproj", "{9E42C7F5-73A1-4069-AB82-1B60E5C4A2F3}"
EndProject
Project("{8BC9CEB8-8B4A-11D0-8D11-00A0C91BC942}") = "const", "const\const.vcxproj", "{ED6D00B1-1DED-4E9B-9079-6F3EB7DE9D06}"
EndProject
Global
	GlobalSection(SolutionConfigurationPlatforms) = preSolution
		Debug|x64 = Debug|x64
		Debug|x86 = Debug|x86
		Release|x64 = Release|x64
		Release|x86 = Release|x86
	EndGlobalSection
	GlobalSection(ProjectConfigurationPlatforms) = postSolution
		{07F21C93-45C6-49F2-91FE-72534AEF0500}.Debug|x64.ActiveCfg = Debug|x64
		{07F21C93-45C6-49F2-91FE-72534AEF0500}.Debug|x64.Build.0 = Debug|x64
		{07F21C93-45C6-49F2-91FE-72534AEF0500}.Debug|x86.ActiveCfg = Debug|Win32
		{07F21C93-45C6-49F2-91FE-72534AEF0500}.Debug|x86.Build.0 = Debug|Win32
		{07F21C93-45C6-49F2-91FE-72534AEF0500}.Release|x64.ActiveCfg = Release|x64
		{07F21C93-45C6-49F2-91FE-72534AEF0500}.Release|x64.Build.0 = Release|x64
		{07F21C93-45C6-49F2-91FE-72534AEF0500}.Release|x86.ActiveCfg = Release|Win32
		{07F21C93-45C6-49F2-91FE-72534AEF0500}.Release|x86.Build.0 = Release|Win32
		{CB9128CB-42DB-44F0-9A4A-3485FF6DC0CE}.Debug|x64.ActiveCfg = Debug|x64
		{CB9128CB-42DB-44F0-9A4A-3485FF6DC0CE}.Debug|x64.Build.0 = Debug|x64
		{CB9128CB-42DB-44F0-9A4A-3485FF6DC0CE}.Debug|x86.ActiveCfg = Debug|Win32
		{CB9128CB-42DB-44F0-9A4A-3485FF6DC0CE}.Debug|x86.Build.0 = Debug|Win32
		{CB9128CB-42DB-44F0-9A4A-3485FF6DC0CE}.Release|x64.ActiveCfg = Release|x64
		{CB9128CB-42DB-44F0-9A4A-3485FF6DC0CE}.Release|x64.Build.0 = Release|x64
		{CB9128CB-42DB-44F0-9A4A-3485FF6DC0CE}.Release|x86.ActiveCfg = Release|Win32
		{CB9128CB-42DB-44F0-9A4A-3485FF6DC0CE}.Release|x86.Build.0 = Release|Win32
		{7785E9EB-B353-4064-B4D6-10CA84F7F21D}.Debug|x64.ActiveCfg = Debug|x64
		{7785E9EB-B353-4064-B4D6-10CA84F7F21D}.Debug|x64.Build.0 = Debug|x64
		{7785E9EB-B353-4064-B4D6-10CA84F7F21D}.Debug|x86.ActiveCfg = Debug|Win32
		{7785E9EB-B353-4064-B4D6-10CA84F7F21D}.Debug|x86.Build.0 = Debug|Win32
		{7785E9EB-B353-4064-B4D6-10CA84F7F21D}.Release|x64.ActiveCfg = Release|x64
		{7785E9EB-B353-4064-B4D6-10CA84F7F21D}.Release|x64.Build.0 = Release|x64
		{7785E9EB-B353-4064-B4D6-10CA84F7F21D}.Release|x86.ActiveCfg = Release|Win32
		{7785E9EB-B353-4064-B4D6-10CA84F7F21D}.Release|x86.Build.0 = Release|Win32
		{E49B2B00-196B-48BD-809F-EFD9B10456C5}.Debug|x64.ActiveCfg = Debug|x64
		{E49B2B00-196B-48BD-809F-EFD9B10456C5}.Debug|x64.Build.0 = Debug|x64
		{E49B2B00-196B-48BD-809F-EFD9B10456C5}.Debug|x86.ActiveCfg = Debug|Win32
		{E49B2B00-196B-48BD-809F-EFD9B10456C5}.Debug|x86.Build.0 = Debug|Win32
		{E49B2B00-196B-48BD-809F-EFD9B10456C5}.Release|x64.ActiveCfg = Release|x64
		{E49B2B00-196B-48BD-809F-EFD9B10456C5}.Release|x64.Build.0 = Release|x64
		{E49B2B00-196B-48BD-809F-EFD9B10456C5}.Release|x86.ActiveCfg = Release|Win32
		{E49B2B00-196B-48BD-809F-EFD9B10456C5}.Release|x86.Build.0 = Release|Win32
		{9654E9BA-2898-4319-8855-5CFAE97D090F}.Debug|x64.ActiveCfg = Debug|x64
		{9654E9BA-2898-4319-8855-5CFAE97D090F}.Debug|x64.Build.0 = Debug|x64
		{9654E9BA-2898-4319-8855-5CFAE97D090F}.Debug|x86.ActiveCfg = Debug|Win32
		{9654E9BA-2898-4319-8855-5CFAE97D090F}.Debug|x86.Build.0 = Debug|Win32
		{9654E9BA-2898-4319-8855-5CFAE97D090F}.Release|x64.ActiveCfg = Release|x64
		{9654E9BA-2898-4319-8855-5CFAE97D090F}.Release|x64.Build.0 = Release|x64
		{9654E9BA-2898-4319-8855-5CFAE97D090F}.Release|x86.ActiveCfg = Release|Win32
		{9654E9BA-2898-4319-8855-5CFAE97D090F}.Release|x86.Build.0 = Release|Win32
		{202D916E-DB6B-4E11-A401-097AB694E446}.Debug|x64.ActiveCfg = Debug|x64
		{202D916E-DB6B-4E11-A401-097AB694E446}.Debug|x64.Build.0 = Debug|x64
		{202D916E-DB6B-4E11-A401-097AB694E446}.Debug|x86.ActiveCfg = Debug|Win32
		{202D916E-DB6B-4E11-A401-097AB694E446}.Debug|x86.Build.0 = Debug|Win32
		{202D916E-DB6B-4E11-A401-097AB694E446}.Release|x64.ActiveCfg = Release|x64
		{202D916E-DB6B-4E11-A401-097AB694E446}.Release|x64.Build.0 = Release|x64
		{202D916E-DB6B-4E11-A401-097AB694E446}.Release|x86.ActiveCfg = Release|Win32
		{202D916E-DB6B-4E11-A401-097AB694E446}.Release|x86.Build.0 = Release|Win32
		{8637E3F9-9309-4D41-A7CC-FF68A22E9D2C}.Debug|x64.ActiveCfg = Debug|x64
		{8637E3F9-9309-4D41-A7CC-FF68A22E9D2C}.Debug|x64.Build.0 = Debug|x64
		{8637E3F9-9309-4D41-A7CC-FF68A22E9D2C}.Debug|x86.ActiveCfg = Debug|Win32
		{8637E3F9-9309-4D41-A7CC-FF68A22E9D2C}.Debug|x86.Build.0 = Debug|Win32
		{8637E3F9-9309-4D41-A7CC-FF68A22E9D2C}.Release|x64.ActiveCfg = Release|x64
		{8637E3F9-9309-4D41-A7CC-FF68A22E9D2C}.Release|x64.Build.0 = Release|x64
		{8637E3F9-9309-4D41-A7CC-FF68A22E9D2C}.Release|x86.ActiveCfg = Release|Win32
		{8637E3F9-9309-4D41-A7CC-FF68A22E9D2C}.Release|x86.Build.0 = Release|Win32
		{2F40DEB2-5F86-4F43-9CC9-AD39FACAC05B}.Debug|x64.ActiveCfg = Debug|x64
		{2F40DEB2-5F86-4F43-9CC9-AD39FACAC05B}.Debug|x64.Build.0 = Debug|x64
		{2F40DEB2-5F86-4F43-9CC9-AD39FACAC05B}.Debug|x86.ActiveCfg = Debug|Win32
		{2F40DEB2-5F86-4F43-9CC9-AD39FACAC05B}.Debug|x86.Build.0 = Debug|Win32
		{2F40DEB2-5F86-4F43-9CC9-AD39FACAC05B}.Release|x64.ActiveCfg = Release|x64
		{2F40DEB2-5F86-4F43-9CC9-AD39FACAC05B}.Release|x64.Build.0 = Release|x64
		{2F40DEB2-5F86-4F43-9CC9-AD39FACAC05B}.Release|x86.ActiveCfg = Release|Win32
		{2F40DEB2-5F86-4F43-9CC9-AD39FACAC05B}.Release|x86.Build.0 = Release|Win32
		{B5AEF620-AE92-4885-92F5-E9A25986D6CF}.Debug|x64.ActiveCfg = Debug|x64
		{B5AEF620-AE92-4885-92F5-E9A25986D6CF}.Debug|x64.Build.0 = Debug|x64
		{B5AEF620-AE92-4885-92F5-E9A25986D6CF}.Debug|x86.ActiveCfg = Debug|Win32
		{B5AEF620-AE92-4885-92F5-E9A25986D6CF}.Debug|x86.Build.0 = Debug|Win32
		{B5AEF620-AE92-4885-92F5-E9A25986D6CF}.Release|x64.ActiveCfg = Release|x64
		{B5AEF620-AE92-4885-92F5-E9A25986D6CF}.Release|x64.Build.0 = Release|x64
		{B5AEF620-AE92-4885-92F5-E9A25986D6CF}.Release|x86.ActiveCfg = Release|Win32
		{B5AEF620-AE92-4885-92F5-E9A25986D6CF}.Release|x86.Build.0 = Release|Win32
		{5E5CE78F-3E1E-46C1-ADE8-365E0A6478B2}.Debug|x64.ActiveCfg = Debug|x64
		{5E5CE78F-3E1E-46C1-ADE8-365E0A6478B2}.Debug|x64.Build.0 = Debug|x64
		{5E5CE78F-3E1E-46C1-ADE8-365E0A6478B2}.Debug|x86.ActiveCfg = Debug|Win32
		{5E5CE78F-3E1E-46C1-ADE8-365E0A6478B2}.Debug|x86.Build.0 = Debug|Win32
		{5E5CE78F-3E1E-46C1-ADE8-365E0A6478B2}.Release|x64.ActiveCfg = Release|x64
		{5E5CE78F-3E1E-46C1-ADE8-365E0A6478B2}.Release|x64.Build.0 = Release|x64
		{5E5CE78F-3E1E-46C1-ADE8-365E0A6478B2}.Release|x86.ActiveCfg = Release|Win32
		{5E5CE78F-3E1E-46C1-ADE8-365E0A6478B2}.Release|x86.Build.0 = Release|Win32
		{8974AC13-012B-403B-918A-0F1CC1101652}.Debug|x64.ActiveCfg = Debug|x64
		{8974AC13-012B-403B-918A-0F1CC1101652}.Debug|x64.Build.0 = Debug|x64
		{8974AC13-012B-403B-918A-0F1CC1101652}.Debug|x86.ActiveCfg = Debug|Win32
		{8974AC13-012B-403B-918A-0F1CC1101652}.Debug|x86.Build.0 = Debug|Win32
		{8974AC13-012B-403B-918A-0F1CC1101652}.Release|x64.ActiveCfg = Release|x64
		{8974AC13-012B-403B-918A-0F1CC1101652}.Release|x64.Build.0 = Release|x64
		{8974AC13-012B-403B-918A-0F1CC1101652}.Release|x86.ActiveCfg = Release|Win32
		{8974AC13-012B-403B-918A-0F1CC1101652}.Release|x86.Build.0 = Release|Win32
		{86F990C6-7016-4965-93E7-1497A68979C6}.Debug|x64.ActiveCfg = Debug|x64
		{86F990C6-7016-4965-93E7-1497A68979C6}.Debug|x64.Build.0 = Debug|x64
		{86F990C6-7016-4965-93E7-1497A68979C6}.Debug|x86.ActiveCfg = Debug|Win32
		{86F990C6-7016-4965-93E7-1497A68979C6}.Debug|x86.Build.0 = Debug|Win32
		{86F990C6-7016-4965-93E7-1497A68979C6}.Release|x64.ActiveCfg = Release|x64
		{86F990C6-7016-4965-93E7-1497A68979C6}.Release|x64.Build.0 = Release|x64
		{86F990C6-7016-4965-93E7-1497A68979C6}.Release|x86.ActiveCfg = Release|Win32
		{86F990C6-7016-4965-93E7-1497A68979C6}.Release|x86.Build.0 = Release|Win32
		{5BD95761-4807-430A-AF60-C5CB2D685439}.Debug|x64.ActiveCfg = Debug|x64
		{5BD95761-4807-430A-AF60-C5CB2D685439}.Debug|x64.Build.0 = Debug|x64
		{5BD95761-4807-430A-AF60-C5CB2D685439}.Debug|x86.ActiveCfg = Debug|Win32
		{5BD95761-4807-430A-AF60-C5CB2D685439}.Debug|x86.Build.0 = Debug|Win32
		{5BD95761-4807-430A-AF60-C5CB2D685439}.Release|x64.ActiveCfg = Release|x64
		{5BD95761-4807-430A-AF60-C5CB2D685439}.Release|x64.Build.0 = Release|x64
		{5BD95761-4807-430A-AF60-C5CB2D685439}.Release|x86.ActiveCfg = Release|Win32
		{5BD95761-4807-430A-AF60-C5CB2D685439}.Release|x86.Build.0 = Release|Win32
		{3ADD71F6-AD77-49E9-A0F3-BFD30AFEBF6C}.Debug|x64.ActiveCfg = Debug|x64
		{3ADD71F6-AD77-49E9-A0F3-BFD30AFEBF6C}.Debug|x64.Build.0 = Debug|x64
		{3ADD71F6-AD77-49E9-A0F3-BFD30AFEBF6C}.Debug|x86.ActiveCfg = Debug|Win32
		{3ADD71F6-AD77-49E9-A0F3-BFD30AFEBF6C}.Debug|x86.Build.0 = Debug|Win32
		{3ADD71F6-AD77-49E9-A0F3-BFD30AFEBF6C}.Release|x64.ActiveCfg = Release|x64
		{3ADD71F6-AD77-49E9-A0F3-BFD30AFEBF6C}.Release|x64.Build.0 = Release|x64
		{3ADD71F6-AD77-49E9-A0F3-BFD30AFEBF6C}.Release|x86.ActiveCfg = Release|Win32
		{3ADD71F6-AD77-49E9-A0F3-BFD30AFEBF6C}.Release|x86.Build.0 = Release|Win32
		{D2CECB32-876B-4CEA-8E53-290DE436A8BC}.Debug|x64.ActiveCfg = Debug|x64
		{D2CECB32-876B-4CEA-8E53-290DE436A8BC}.Debug|x64.Build.0 = Debug|x64
		{D2CECB32-876B-4CEA-8E53-290DE436A8BC}.Debug|x86.ActiveCfg = Debug|Win32
		{D2CECB32-876B-4CEA-8E53-290DE436A8BC}.Debug|x86.Build.0 = Debug|Win32
		{D2CECB32-876B-4CEA-8E53-290DE436A8BC}.Release|x64.ActiveCfg = Release|x64
		{D2CECB32-876B-4CEA-8E53-290DE436A8BC}.Release|x64.Build.0 = Release|x64
		{D2CECB32-876B-4CEA-8E53-290DE436A8BC}.Release|x86.ActiveCfg = Release|Win32
		{D2CECB32-876B-4CEA-8E53-290DE436A8BC}.Release|x86.Build.0 = Release|Win32
		{B596BAEC-FDBF-4D41-B8B8-51983814CC51}.Debug|x64.ActiveCfg = Debug|x64
		{B596BAEC-FDBF-4D41-B8B8-51983814CC51}.Debug|x64.Build.0 = Debug|x64
		{B596BAEC-FDBF-4D41-B8B8-51983814CC51}.Debug|x86.ActiveCfg = Debug|Win32
		{B596BAEC-FDBF-4D41-B8B8-51983814CC51}.Debug|x86.Build.0 = Debug|Win32
		{B596BAEC-FDBF-4D41-B8B8-51983814CC51}.Release|x64.ActiveCfg = Release|x64
		{B596BAEC-FDBF-4D41-B8B8-51983814CC51}.Release|x64.Build.0 = Release|x64
		{B596BAEC-FDBF-4D41-B8B8-51983814CC51}.Release|x86.ActiveCfg = Release|Win32
		{B596BAEC-FDBF-4D41-B8B8-51983814CC51}.Release|x86.Build.0 = Release|Win32
		{B2A7AC73-B92F-4BCB-9CA0-33173007A7B0}.Debug|x64.ActiveCfg = Debug|x64
		{B2A7AC73-B92F-4BCB-9CA0-33173007A7B0}.Debug|x64.Build.0 = Debug|x64
		{B2A7AC73-B92F-4BCB-9CA0-33173007A7B0}.Debug|x86.ActiveCfg = Debug|Win32
		{B2A7AC73-B92F-4BCB-9CA0-33173007A7B0}.Debug|x86.Build.0 = Debug|Win32
		{B2A7AC73-B92F-4BCB-9CA0-33173007A7B0}.Release|x64.ActiveCfg = Release|x64
		{B2A7AC73-B92F-4BCB-9CA0-33173007A7B0}.Release|x64.Build.0 = Release|x64
		{B2A7AC73-B92F-4BCB-9CA0-33173007A7B0}.Release|x86.ActiveCfg = Release|Win32
		{B2A7AC73-B92F-4BCB-9CA0-33173007A7B0}.Release|x86.Build.0 = Release|Win32
		{B95B655C-B388-498D-829B-A328EF1CDBB6}.Debug|x64.ActiveCfg = Debug|x64
		{B95B655C-B388-498D-829B-A328EF1CDBB6}.Debug|x64.Build.0 = Debug|x64
		{B95B655C-B388-498D-829B-A328EF1CDBB6}.Debug|x86.ActiveCfg = Debug|Win32
		{B95B655C-B388-498D-829B-A328EF1CDBB6}.Debug|x86.Build.0 = Debug|Win32
		{B95B655C-B388-498D-829B-A328EF1CDBB6}.Release|x64.ActiveCfg = Release|x64
		{B95B655C-B388-498D-829B-A328EF1CDBB6}.Release|x64.Build.0 = Release|x64
		{B95B655C-B388-498D-829B-A328EF1CDBB6}.Release|x86.ActiveCfg = Release|Win32
		{B95B655C-B388-498D-829B-A328EF1CDBB6}.Release|x86.Build.0 = Release|Win32
		{C4CB5B2D-15D2-42CB-96AD-8F5628FCC382}.Debug|x64.ActiveCfg = Debug|x64
		{C4CB5B2D-15D2-42CB-96AD-8F5628FCC382}.Debug|x64.Build.0 = Debug|x64
		{C4CB5B2D-15D2-42CB-96AD-8F5628FCC382}.Debug|x86.ActiveCfg = Debug|Win32
		{C4CB5B2D-15D2-42CB-96AD-8F5628FCC382}.Debug|x86.Build.0 = Debug|Win32
		{C4CB5B2D-15D2-42CB-96AD-8F5628FCC382}.Release|x64.ActiveCfg = Release|x64
		{C4CB5B2D-15D2-42CB-96AD-8F5628FCC382}.Release|x64.Build.0 = Release|x64
		{C4CB5B2D-15D2-42CB-96AD-8F5628FCC382}.Release|x86.ActiveCfg = Release|Win32
		{C4CB5B2D-15D2-42CB-96AD-8F5628FCC382}.Release|x86.Build.0 = Release|Win32
		{BAFBBB9D-3153-4FD4-A3CF-1F64F6A1F239}.Debug|x64.ActiveCfg = Debug|x64
		{BAFBBB9D-3153-4FD4-A3CF-1F64F6A1F239}.Debug|x64.Build.0 = Debug|x64
		{BAFBBB9D-3153-4FD4-A3CF-1F64F6A1F239}.Debug|x86.ActiveCfg = Debug|Win32
		{BAFBBB9D-3153-4FD4-A3CF-1F64F6A1F239}.Debug|x86.Build.0 = Debug|Win32
		{BAFBBB9D-3153-4FD4-A3CF-1F64F6A1F239}.Release|x64.ActiveCfg = Release|x64
		{BAFBBB9D-3153-4FD4-A3CF-1F64F6A1F239}.Release|x64.Build.0 = Release|x64
		{BAFBBB9D-3153-4FD4-A3CF-1F64F6A1F239}.Release|x86.ActiveCfg = Release|Win32
		{BAFBBB9D-3153-4FD4-A3CF-1F64F6A1F239}.Release|x86.Build.0 = Release|Win32
		{3E106C89-A72E-4BCE-A1BC-48A2C7B4B6A6}.Debug|x64.ActiveCfg = Debug|x64
		{3E106C89-A72E-4BCE-A1BC-48A2C7B4B6A6}.Debug|x64.Build.0 = Debug|x64
		{3E106C89-A72E-4BCE-A1BC-48A2C7B4B6A6}.Debug|x86.ActiveCfg = Debug|Win32
		{3E106C89-A72E-4BCE-A1BC-48A2C7B4B6A6}.Debug|x86.Build.0 = Debug|Win32
		{3E106C89-A72E-4BCE-A1BC-48A2C7B4B6A6}.Release|x64.ActiveCfg = Release|x64
		{3E106C89-A72E-4BCE-A1BC-48A2C7B4B6A6}.Release|x64.Build.0 = Release|x64
		{3E106C89-A72E-4BCE-A1BC-48A2C7B4B6A6}.Release|x86.ActiveCfg = Release|Win32
		{3E106C89-A72E-4BCE-A1BC-48A2C7B4B6A6}.Release|x86.Build.0 = Release|Win32
		{9E42C7F5-73A1-4069-AB82-1B60E5C4A2F3}.Debug|x64.ActiveCfg = Debug|x64
		{9E42C7F5-73A1-4069-AB82-1B60E5C4A2F3}.Debug|x64.Build.0 = Debug|x64
		{9E42C7F5-73A1-4069-AB82-1B60E5C4A2F3}.Debug|x86.ActiveCfg = Debug|Win32
		{9E42C7F5-73A1-4069-AB82-1B60E5C4A2F3}.Debug|x86.Build.0 = Debug|Win32
		{9E42C7F5-73A1-4069-AB82-1B60E5C4A2F3}.Release|x64.ActiveCfg = Release|x64
		{9E42C7F5-73A1-4069-AB82-1B60E5C4A2F3}.Release|x64.Build.0 = Release|x64
		{9E42C7F5-73A1-4069-AB82-1B60E5C4A2F3}.Release|x86.ActiveCfg = Release|Win32
		{9E42C7F5-73A1-4069-AB82-1B60E5C4A2F3}.Release|x86.Build.0 = Release|Win32
		{ED6D00B1-1DED-4E9B-9079-6F3EB7DE9D06}.Debug|x64.ActiveCfg = Debug|x64
		{ED6D00B1-1DED-4E9B-9079-6F3EB7DE9D06}.Debug|x64.Build.0 = Debug|x64
		{ED6D00B1-1DED-4E9B-9079-6F3EB7DE9D06}.Debug|x86.ActiveCfg = Debug|Win32
		{ED6D00B1-1DED-4E9B-9079-6F3EB7DE9D06}.Debug|x86.Build.0 = Debug|Win32
		{ED6D00B1-1DED-4E9B-9079-6F3EB7DE9D06}.Release|x64.ActiveCfg = Release|x64
		{ED6D00B1-1DED-4E9B-9079-6F3EB7DE9D06}.Release|x64.Build.0 = Release|x64
		{ED6D00B1-1DED-4E9B-9079-6F3EB7DE9D06}.Release|x86.ActiveCfg = Release|Win32
		{ED6D00B1-1DED-4E9B-9079-6F3EB7DE9D06}.Release|x86.Build.0 = Release|Win32
	EndGlobalSection
	GlobalSection(SolutionProperties) = preSolution
		HideSolutionNode = FALSE
	EndGlobalSection
	GlobalSection(ExtensibilityGlobals) = postSolution
		SolutionGuid = {838DC737-334A-4F24-9CFA-3928134D927C}
	EndGlobalSection
EndGlobal
